
Microsoft Visual Studio Solution File, Format Version 12.00
# Visual Studio Version 16
VisualStudioVersion = 16.0.30011.22
MinimumVisualStudioVersion = 10.0.40219.1
Project("{FAE04EC0-301F-11D3-BF4B-00C04F79EFBC}") = "WebApiTravisCI", "WebApiTravisCI\WebApiTravisCI.csproj", "{C97BF9E5-76A3-4148-860C-1D722AEAE322}"
EndProject
Project("{E53339B2-1760-4266-BCC7-CA923CBCF16C}") = "docker-compose", "docker-compose.dcproj", "{79CFF2F2-6529-4F65-AD5C-54B7E0B0F819}"
EndProject
Global
	GlobalSection(SolutionConfigurationPlatforms) = preSolution
		Debug|Any CPU = Debug|Any CPU
		Release|Any CPU = Release|Any CPU
	EndGlobalSection
	GlobalSection(ProjectConfigurationPlatforms) = postSolution
		{C97BF9E5-76A3-4148-860C-1D722AEAE322}.Debug|Any CPU.ActiveCfg = Debug|Any CPU
		{C97BF9E5-76A3-4148-860C-1D722AEAE322}.Debug|Any CPU.Build.0 = Debug|Any CPU
		{C97BF9E5-76A3-4148-860C-1D722AEAE322}.Release|Any CPU.ActiveCfg = Release|Any CPU
		{C97BF9E5-76A3-4148-860C-1D722AEAE322}.Release|Any CPU.Build.0 = Release|Any CPU
		{79CFF2F2-6529-4F65-AD5C-54B7E0B0F819}.Debug|Any CPU.ActiveCfg = Debug|Any CPU
		{79CFF2F2-6529-4F65-AD5C-54B7E0B0F819}.Debug|Any CPU.Build.0 = Debug|Any CPU
		{79CFF2F2-6529-4F65-AD5C-54B7E0B0F819}.Release|Any CPU.ActiveCfg = Release|Any CPU
		{79CFF2F2-6529-4F65-AD5C-54B7E0B0F819}.Release|Any CPU.Build.0 = Release|Any CPU
	EndGlobalSection
	GlobalSection(SolutionProperties) = preSolution
		HideSolutionNode = FALSE
	EndGlobalSection
	GlobalSection(ExtensibilityGlobals) = postSolution
		SolutionGuid = {C75CF757-446E-4F0B-AD6D-B1B0FBBB329E}
	EndGlobalSection
EndGlobal
